
Microsoft Visual Studio Solution File, Format Version 12.00
# Visual Studio Version 17
VisualStudioVersion = 17.14.36518.9 d17.14
MinimumVisualStudioVersion = 10.0.40219.1
Project("{FAE04EC0-301F-11D3-BF4B-00C04F79EFBC}") = "APIJMovies", "APIJMovies.csproj", "{379EE3BC-2C93-4B65-9185-E74AB74C0FAF}"
EndProject
Global
	GlobalSection(SolutionConfigurationPlatforms) = preSolution
		Debug|Any CPU = Debug|Any CPU
		Release|Any CPU = Release|Any CPU
	EndGlobalSection
	GlobalSection(ProjectConfigurationPlatforms) = postSolution
		{379EE3BC-2C93-4B65-9185-E74AB74C0FAF}.Debug|Any CPU.ActiveCfg = Debug|Any CPU
		{379EE3BC-2C93-4B65-9185-E74AB74C0FAF}.Debug|Any CPU.Build.0 = Debug|Any CPU
		{379EE3BC-2C93-4B65-9185-E74AB74C0FAF}.Release|Any CPU.ActiveCfg = Release|Any CPU
		{379EE3BC-2C93-4B65-9185-E74AB74C0FAF}.Release|Any CPU.Build.0 = Release|Any CPU
	EndGlobalSection
	GlobalSection(SolutionProperties) = preSolution
		HideSolutionNode = FALSE
	EndGlobalSection
	GlobalSection(ExtensibilityGlobals) = postSolution
		SolutionGuid = {87BC0F25-DB72-41E2-8EE1-18E8E9B49051}
	EndGlobalSection
EndGlobal
